
Microsoft Visual Studio Solution File, Format Version 12.00
# Visual Studio Version 17
VisualStudioVersion = 17.1.32319.34
MinimumVisualStudioVersion = 10.0.40219.1
Project("{9A19103F-16F7-4668-BE54-9A1E7A4F7556}") = "Business", "Business\Business.csproj", "{50DE0E7E-8CBB-4CAA-AE18-1BD49D64E781}"
EndProject
Project("{9A19103F-16F7-4668-BE54-9A1E7A4F7556}") = "Core", "Core\Core.csproj", "{B44095EF-5AA6-4EA8-8C7F-385EC9A9631F}"
EndProject
Project("{9A19103F-16F7-4668-BE54-9A1E7A4F7556}") = "DataAccess", "DataAccess\DataAccess.csproj", "{1EA32CE5-7979-4567-B363-213D4FD651A5}"
EndProject
Project("{9A19103F-16F7-4668-BE54-9A1E7A4F7556}") = "Entities", "Entities\Entities.csproj", "{89BE21C4-E32E-4757-BE1D-D2184A589350}"
EndProject
Project("{FAE04EC0-301F-11D3-BF4B-00C04F79EFBC}") = "WEPAPI", "WEPAPI\WEPAPI.csproj", "{DA98829C-898A-4C8A-BC43-E22051FD22DE}"
EndProject
Global
	GlobalSection(SolutionConfigurationPlatforms) = preSolution
		Debug|Any CPU = Debug|Any CPU
		Release|Any CPU = Release|Any CPU
	EndGlobalSection
	GlobalSection(ProjectConfigurationPlatforms) = postSolution
		{50DE0E7E-8CBB-4CAA-AE18-1BD49D64E781}.Debug|Any CPU.ActiveCfg = Debug|Any CPU
		{50DE0E7E-8CBB-4CAA-AE18-1BD49D64E781}.Debug|Any CPU.Build.0 = Debug|Any CPU
		{50DE0E7E-8CBB-4CAA-AE18-1BD49D64E781}.Release|Any CPU.ActiveCfg = Release|Any CPU
		{50DE0E7E-8CBB-4CAA-AE18-1BD49D64E781}.Release|Any CPU.Build.0 = Release|Any CPU
		{B44095EF-5AA6-4EA8-8C7F-385EC9A9631F}.Debug|Any CPU.ActiveCfg = Debug|Any CPU
		{B44095EF-5AA6-4EA8-8C7F-385EC9A9631F}.Debug|Any CPU.Build.0 = Debug|Any CPU
		{B44095EF-5AA6-4EA8-8C7F-385EC9A9631F}.Release|Any CPU.ActiveCfg = Release|Any CPU
		{B44095EF-5AA6-4EA8-8C7F-385EC9A9631F}.Release|Any CPU.Build.0 = Release|Any CPU
		{1EA32CE5-7979-4567-B363-213D4FD651A5}.Debug|Any CPU.ActiveCfg = Debug|Any CPU
		{1EA32CE5-7979-4567-B363-213D4FD651A5}.Debug|Any CPU.Build.0 = Debug|Any CPU
		{1EA32CE5-7979-4567-B363-213D4FD651A5}.Release|Any CPU.ActiveCfg = Release|Any CPU
		{1EA32CE5-7979-4567-B363-213D4FD651A5}.Release|Any CPU.Build.0 = Release|Any CPU
		{89BE21C4-E32E-4757-BE1D-D2184A589350}.Debug|Any CPU.ActiveCfg = Debug|Any CPU
		{89BE21C4-E32E-4757-BE1D-D2184A589350}.Debug|Any CPU.Build.0 = Debug|Any CPU
		{89BE21C4-E32E-4757-BE1D-D2184A589350}.Release|Any CPU.ActiveCfg = Release|Any CPU
		{89BE21C4-E32E-4757-BE1D-D2184A589350}.Release|Any CPU.Build.0 = Release|Any CPU
		{DA98829C-898A-4C8A-BC43-E22051FD22DE}.Debug|Any CPU.ActiveCfg = Debug|Any CPU
		{DA98829C-898A-4C8A-BC43-E22051FD22DE}.Debug|Any CPU.Build.0 = Debug|Any CPU
		{DA98829C-898A-4C8A-BC43-E22051FD22DE}.Release|Any CPU.ActiveCfg = Release|Any CPU
		{DA98829C-898A-4C8A-BC43-E22051FD22DE}.Release|Any CPU.Build.0 = Release|Any CPU
	EndGlobalSection
	GlobalSection(SolutionProperties) = preSolution
		HideSolutionNode = FALSE
	EndGlobalSection
	GlobalSection(ExtensibilityGlobals) = postSolution
		SolutionGuid = {555663A4-00FE-4851-9437-5DEA673EB19E}
	EndGlobalSection
EndGlobal
